
Microsoft Visual Studio Solution File, Format Version 12.00
# Visual Studio Version 16
VisualStudioVersion = 16.0.31205.134
MinimumVisualStudioVersion = 10.0.40219.1
Project("{FAE04EC0-301F-11D3-BF4B-00C04F79EFBC}") = "FirstGame", "FirstGame.csproj", "{150A1235-9374-4DFE-B96B-2C1C19DADABA}"
EndProject
Global
	GlobalSection(SolutionConfigurationPlatforms) = preSolution
		Debug|Any CPU = Debug|Any CPU
		ExportDebug|Any CPU = ExportDebug|Any CPU
		ExportRelease|Any CPU = ExportRelease|Any CPU
	EndGlobalSection
	GlobalSection(ProjectConfigurationPlatforms) = postSolution
		{150A1235-9374-4DFE-B96B-2C1C19DADABA}.Debug|Any CPU.ActiveCfg = Debug|Any CPU
		{150A1235-9374-4DFE-B96B-2C1C19DADABA}.Debug|Any CPU.Build.0 = Debug|Any CPU
		{150A1235-9374-4DFE-B96B-2C1C19DADABA}.ExportDebug|Any CPU.ActiveCfg = ExportDebug|Any CPU
		{150A1235-9374-4DFE-B96B-2C1C19DADABA}.ExportDebug|Any CPU.Build.0 = ExportDebug|Any CPU
		{150A1235-9374-4DFE-B96B-2C1C19DADABA}.ExportRelease|Any CPU.ActiveCfg = ExportRelease|Any CPU
		{150A1235-9374-4DFE-B96B-2C1C19DADABA}.ExportRelease|Any CPU.Build.0 = ExportRelease|Any CPU
	EndGlobalSection
	GlobalSection(SolutionProperties) = preSolution
		HideSolutionNode = FALSE
	EndGlobalSection
	GlobalSection(ExtensibilityGlobals) = postSolution
		SolutionGuid = {F3D01E51-825D-4224-BC2B-30A1CC61F24B}
	EndGlobalSection
EndGlobal
